
Microsoft Visual Studio Solution File, Format Version 12.00
# Visual Studio Version 16
VisualStudioVersion = 16.0.30225.117
MinimumVisualStudioVersion = 10.0.40219.1
Project("{FAE04EC0-301F-11D3-BF4B-00C04F79EFBC}") = "ProbaPera", "ProbaPera\ProbaPera.csproj", "{97E3853D-B3E9-4772-B142-BD08732EE2CD}"
EndProject
Global
	GlobalSection(SolutionConfigurationPlatforms) = preSolution
		Debug|Any CPU = Debug|Any CPU
		Release|Any CPU = Release|Any CPU
	EndGlobalSection
	GlobalSection(ProjectConfigurationPlatforms) = postSolution
		{97E3853D-B3E9-4772-B142-BD08732EE2CD}.Debug|Any CPU.ActiveCfg = Debug|Any CPU
		{97E3853D-B3E9-4772-B142-BD08732EE2CD}.Debug|Any CPU.Build.0 = Debug|Any CPU
		{97E3853D-B3E9-4772-B142-BD08732EE2CD}.Release|Any CPU.ActiveCfg = Release|Any CPU
		{97E3853D-B3E9-4772-B142-BD08732EE2CD}.Release|Any CPU.Build.0 = Release|Any CPU
	EndGlobalSection
	GlobalSection(SolutionProperties) = preSolution
		HideSolutionNode = FALSE
	EndGlobalSection
	GlobalSection(ExtensibilityGlobals) = postSolution
		SolutionGuid = {092623E6-F512-4DFE-B7DD-27C6C8708C9C}
	EndGlobalSection
EndGlobal
